
Microsoft Visual Studio Solution File, Format Version 12.00
# Visual Studio 15
VisualStudioVersion = 15.0.28307.960
MinimumVisualStudioVersion = 10.0.40219.1
Project("{FAE04EC0-301F-11D3-BF4B-00C04F79EFBC}") = "PorkRibsAPI", "PorkRibsAPI\PorkRibsAPI.csproj", "{8E1BDC99-9029-4920-BCE9-88D41B27B44A}"
EndProject
Global
	GlobalSection(SolutionConfigurationPlatforms) = preSolution
		Debug|Any CPU = Debug|Any CPU
		Release|Any CPU = Release|Any CPU
	EndGlobalSection
	GlobalSection(ProjectConfigurationPlatforms) = postSolution
		{8E1BDC99-9029-4920-BCE9-88D41B27B44A}.Debug|Any CPU.ActiveCfg = Debug|Any CPU
		{8E1BDC99-9029-4920-BCE9-88D41B27B44A}.Debug|Any CPU.Build.0 = Debug|Any CPU
		{8E1BDC99-9029-4920-BCE9-88D41B27B44A}.Release|Any CPU.ActiveCfg = Release|Any CPU
		{8E1BDC99-9029-4920-BCE9-88D41B27B44A}.Release|Any CPU.Build.0 = Release|Any CPU
	EndGlobalSection
	GlobalSection(SolutionProperties) = preSolution
		HideSolutionNode = FALSE
	EndGlobalSection
	GlobalSection(ExtensibilityGlobals) = postSolution
		SolutionGuid = {477CD097-D078-4512-AB38-155A4370A80F}
	EndGlobalSection
EndGlobal
